{
  "originHash" : "ef0396457a40da2f4c7f563e9ae4ee602d59bc21217c60bcfe158d502de996c8",
  "pins" : [
    {
      "identity" : "appsflyerframework",
      "kind" : "remoteSourceControl",
      "location" : "https://github.com/AppsFlyerSDK/AppsFlyerFramework.git",
      "state" : {
        "revision" : "048633aeec183ddd41b5342c5e0ff57f102dd509",
        "version" : "6.15.3"
      }
    },
    {
      "identity" : "taanalytics",
      "kind" : "remoteSourceControl",
      "location" : "git@github.com:TechArtists/TAAnalytics.git",
      "state" : {
        "revision" : "1409bc6ea7ae77cd82b949ae569e9c4b25fcfb7d",
        "version" : "0.9.6"
      }
    }
  ],
  "version" : 3
}
